{
	"name": "pdf-cos-syntax-client",
	"version": "0.1.6",
	"lockfileVersion": 3,
	"requires": true,
	"packages": {
		"": {
			"name": "pdf-cos-syntax-client",
			"version": "0.1.6",
			"license": "Apache-2.0",
			"dependencies": {
				"@types/node": "^25.3.0",
				"ascii85": "^1.0.2",
				"deasync": "^0.1.29",
				"glob": "^13.0.6",
				"minimatch": "^10.2.2",
				"sharp": "^0.34.5",
				"vscode-jsonrpc": "^9.0.0-next.10",
				"vscode-languageclient": "^10.0.0-next.20"
			},
			"devDependencies": {
				"@types/vscode": "^1.106.1"
			},
			"engines": {
				"vscode": "*"
			}
		},
		"node_modules/@emnapi/runtime": {
			"version": "1.7.1",
			"resolved": "https://registry.npmjs.org/@emnapi/runtime/-/runtime-1.7.1.tgz",
			"integrity": "sha512-PVtJr5CmLwYAU9PZDMITZoR5iAOShYREoR45EyyLrbntV50mdePTgUn4AmOw90Ifcj+x2kRjdzr1HP3RrNiHGA==",
			"license": "MIT",
			"optional": true,
			"dependencies": {
				"tslib": "^2.4.0"
			}
		},
		"node_modules/@img/colour": {
			"version": "1.0.0",
			"resolved": "https://registry.npmjs.org/@img/colour/-/colour-1.0.0.tgz",
			"integrity": "sha512-A5P/LfWGFSl6nsckYtjw9da+19jB8hkJ6ACTGcDfEJ0aE+l2n2El7dsVM7UVHZQ9s2lmYMWlrS21YLy2IR1LUw==",
			"license": "MIT",
			"engines": {
				"node": ">=18"
			}
		},
		"node_modules/@img/sharp-darwin-arm64": {
			"version": "0.34.5",
			"resolved": "https://registry.npmjs.org/@img/sharp-darwin-arm64/-/sharp-darwin-arm64-0.34.5.tgz",
			"integrity": "sha512-imtQ3WMJXbMY4fxb/Ndp6HBTNVtWCUI0WdobyheGf5+ad6xX8VIDO8u2xE4qc/fr08CKG/7dDseFtn6M6g/r3w==",
			"cpu": [
				"arm64"
			],
			"license": "Apache-2.0",
			"optional": true,
			"os": [
				"darwin"
			],
			"engines": {
				"node": "^18.17.0 || ^20.3.0 || >=21.0.0"
			},
			"funding": {
				"url": "https://opencollective.com/libvips"
			},
			"optionalDependencies": {
				"@img/sharp-libvips-darwin-arm64": "1.2.4"
			}
		},
		"node_modules/@img/sharp-darwin-x64": {
			"version": "0.34.5",
			"resolved": "https://registry.npmjs.org/@img/sharp-darwin-x64/-/sharp-darwin-x64-0.34.5.tgz",
			"integrity": "sha512-YNEFAF/4KQ/PeW0N+r+aVVsoIY0/qxxikF2SWdp+NRkmMB7y9LBZAVqQ4yhGCm/H3H270OSykqmQMKLBhBJDEw==",
			"cpu": [
				"x64"
			],
			"license": "Apache-2.0",
			"optional": true,
			"os": [
				"darwin"
			],
			"engines": {
				"node": "^18.17.0 || ^20.3.0 || >=21.0.0"
			},
			"funding": {
				"url": "https://opencollective.com/libvips"
			},
			"optionalDependencies": {
				"@img/sharp-libvips-darwin-x64": "1.2.4"
			}
		},
		"node_modules/@img/sharp-libvips-darwin-arm64": {
			"version": "1.2.4",
			"resolved": "https://registry.npmjs.org/@img/sharp-libvips-darwin-arm64/-/sharp-libvips-darwin-arm64-1.2.4.tgz",
			"integrity": "sha512-zqjjo7RatFfFoP0MkQ51jfuFZBnVE2pRiaydKJ1G/rHZvnsrHAOcQALIi9sA5co5xenQdTugCvtb1cuf78Vf4g==",
			"cpu": [
				"arm64"
			],
			"license": "LGPL-3.0-or-later",
			"optional": true,
			"os": [
				"darwin"
			],
			"funding": {
				"url": "https://opencollective.com/libvips"
			}
		},
		"node_modules/@img/sharp-libvips-darwin-x64": {
			"version": "1.2.4",
			"resolved": "https://registry.npmjs.org/@img/sharp-libvips-darwin-x64/-/sharp-libvips-darwin-x64-1.2.4.tgz",
			"integrity": "sha512-1IOd5xfVhlGwX+zXv2N93k0yMONvUlANylbJw1eTah8K/Jtpi15KC+WSiaX/nBmbm2HxRM1gZ0nSdjSsrZbGKg==",
			"cpu": [
				"x64"
			],
			"license": "LGPL-3.0-or-later",
			"optional": true,
			"os": [
				"darwin"
			],
			"funding": {
				"url": "https://opencollective.com/libvips"
			}
		},
		"node_modules/@img/sharp-libvips-linux-arm": {
			"version": "1.2.4",
			"resolved": "https://registry.npmjs.org/@img/sharp-libvips-linux-arm/-/sharp-libvips-linux-arm-1.2.4.tgz",
			"integrity": "sha512-bFI7xcKFELdiNCVov8e44Ia4u2byA+l3XtsAj+Q8tfCwO6BQ8iDojYdvoPMqsKDkuoOo+X6HZA0s0q11ANMQ8A==",
			"cpu": [
				"arm"
			],
			"license": "LGPL-3.0-or-later",
			"optional": true,
			"os": [
				"linux"
			],
			"funding": {
				"url": "https://opencollective.com/libvips"
			}
		},
		"node_modules/@img/sharp-libvips-linux-arm64": {
			"version": "1.2.4",
			"resolved": "https://registry.npmjs.org/@img/sharp-libvips-linux-arm64/-/sharp-libvips-linux-arm64-1.2.4.tgz",
			"integrity": "sha512-excjX8DfsIcJ10x1Kzr4RcWe1edC9PquDRRPx3YVCvQv+U5p7Yin2s32ftzikXojb1PIFc/9Mt28/y+iRklkrw==",
			"cpu": [
				"arm64"
			],
			"license": "LGPL-3.0-or-later",
			"optional": true,
			"os": [
				"linux"
			],
			"funding": {
				"url": "https://opencollective.com/libvips"
			}
		},
		"node_modules/@img/sharp-libvips-linux-ppc64": {
			"version": "1.2.4",
			"resolved": "https://registry.npmjs.org/@img/sharp-libvips-linux-ppc64/-/sharp-libvips-linux-ppc64-1.2.4.tgz",
			"integrity": "sha512-FMuvGijLDYG6lW+b/UvyilUWu5Ayu+3r2d1S8notiGCIyYU/76eig1UfMmkZ7vwgOrzKzlQbFSuQfgm7GYUPpA==",
			"cpu": [
				"ppc64"
			],
			"license": "LGPL-3.0-or-later",
			"optional": true,
			"os": [
				"linux"
			],
			"funding": {
				"url": "https://opencollective.com/libvips"
			}
		},
		"node_modules/@img/sharp-libvips-linux-riscv64": {
			"version": "1.2.4",
			"resolved": "https://registry.npmjs.org/@img/sharp-libvips-linux-riscv64/-/sharp-libvips-linux-riscv64-1.2.4.tgz",
			"integrity": "sha512-oVDbcR4zUC0ce82teubSm+x6ETixtKZBh/qbREIOcI3cULzDyb18Sr/Wcyx7NRQeQzOiHTNbZFF1UwPS2scyGA==",
			"cpu": [
				"riscv64"
			],
			"license": "LGPL-3.0-or-later",
			"optional": true,
			"os": [
				"linux"
			],
			"funding": {
				"url": "https://opencollective.com/libvips"
			}
		},
		"node_modules/@img/sharp-libvips-linux-s390x": {
			"version": "1.2.4",
			"resolved": "https://registry.npmjs.org/@img/sharp-libvips-linux-s390x/-/sharp-libvips-linux-s390x-1.2.4.tgz",
			"integrity": "sha512-qmp9VrzgPgMoGZyPvrQHqk02uyjA0/QrTO26Tqk6l4ZV0MPWIW6LTkqOIov+J1yEu7MbFQaDpwdwJKhbJvuRxQ==",
			"cpu": [
				"s390x"
			],
			"license": "LGPL-3.0-or-later",
			"optional": true,
			"os": [
				"linux"
			],
			"funding": {
				"url": "https://opencollective.com/libvips"
			}
		},
		"node_modules/@img/sharp-libvips-linux-x64": {
			"version": "1.2.4",
			"resolved": "https://registry.npmjs.org/@img/sharp-libvips-linux-x64/-/sharp-libvips-linux-x64-1.2.4.tgz",
			"integrity": "sha512-tJxiiLsmHc9Ax1bz3oaOYBURTXGIRDODBqhveVHonrHJ9/+k89qbLl0bcJns+e4t4rvaNBxaEZsFtSfAdquPrw==",
			"cpu": [
				"x64"
			],
			"license": "LGPL-3.0-or-later",
			"optional": true,
			"os": [
				"linux"
			],
			"funding": {
				"url": "https://opencollective.com/libvips"
			}
		},
		"node_modules/@img/sharp-libvips-linuxmusl-arm64": {
			"version": "1.2.4",
			"resolved": "https://registry.npmjs.org/@img/sharp-libvips-linuxmusl-arm64/-/sharp-libvips-linuxmusl-arm64-1.2.4.tgz",
			"integrity": "sha512-FVQHuwx1IIuNow9QAbYUzJ+En8KcVm9Lk5+uGUQJHaZmMECZmOlix9HnH7n1TRkXMS0pGxIJokIVB9SuqZGGXw==",
			"cpu": [
				"arm64"
			],
			"license": "LGPL-3.0-or-later",
			"optional": true,
			"os": [
				"linux"
			],
			"funding": {
				"url": "https://opencollective.com/libvips"
			}
		},
		"node_modules/@img/sharp-libvips-linuxmusl-x64": {
			"version": "1.2.4",
			"resolved": "https://registry.npmjs.org/@img/sharp-libvips-linuxmusl-x64/-/sharp-libvips-linuxmusl-x64-1.2.4.tgz",
			"integrity": "sha512-+LpyBk7L44ZIXwz/VYfglaX/okxezESc6UxDSoyo2Ks6Jxc4Y7sGjpgU9s4PMgqgjj1gZCylTieNamqA1MF7Dg==",
			"cpu": [
				"x64"
			],
			"license": "LGPL-3.0-or-later",
			"optional": true,
			"os": [
				"linux"
			],
			"funding": {
				"url": "https://opencollective.com/libvips"
			}
		},
		"node_modules/@img/sharp-linux-arm": {
			"version": "0.34.5",
			"resolved": "https://registry.npmjs.org/@img/sharp-linux-arm/-/sharp-linux-arm-0.34.5.tgz",
			"integrity": "sha512-9dLqsvwtg1uuXBGZKsxem9595+ujv0sJ6Vi8wcTANSFpwV/GONat5eCkzQo/1O6zRIkh0m/8+5BjrRr7jDUSZw==",
			"cpu": [
				"arm"
			],
			"license": "Apache-2.0",
			"optional": true,
			"os": [
				"linux"
			],
			"engines": {
				"node": "^18.17.0 || ^20.3.0 || >=21.0.0"
			},
			"funding": {
				"url": "https://opencollective.com/libvips"
			},
			"optionalDependencies": {
				"@img/sharp-libvips-linux-arm": "1.2.4"
			}
		},
		"node_modules/@img/sharp-linux-arm64": {
			"version": "0.34.5",
			"resolved": "https://registry.npmjs.org/@img/sharp-linux-arm64/-/sharp-linux-arm64-0.34.5.tgz",
			"integrity": "sha512-bKQzaJRY/bkPOXyKx5EVup7qkaojECG6NLYswgktOZjaXecSAeCWiZwwiFf3/Y+O1HrauiE3FVsGxFg8c24rZg==",
			"cpu": [
				"arm64"
			],
			"license": "Apache-2.0",
			"optional": true,
			"os": [
				"linux"
			],
			"engines": {
				"node": "^18.17.0 || ^20.3.0 || >=21.0.0"
			},
			"funding": {
				"url": "https://opencollective.com/libvips"
			},
			"optionalDependencies": {
				"@img/sharp-libvips-linux-arm64": "1.2.4"
			}
		},
		"node_modules/@img/sharp-linux-ppc64": {
			"version": "0.34.5",
			"resolved": "https://registry.npmjs.org/@img/sharp-linux-ppc64/-/sharp-linux-ppc64-0.34.5.tgz",
			"integrity": "sha512-7zznwNaqW6YtsfrGGDA6BRkISKAAE1Jo0QdpNYXNMHu2+0dTrPflTLNkpc8l7MUP5M16ZJcUvysVWWrMefZquA==",
			"cpu": [
				"ppc64"
			],
			"license": "Apache-2.0",
			"optional": true,
			"os": [
				"linux"
			],
			"engines": {
				"node": "^18.17.0 || ^20.3.0 || >=21.0.0"
			},
			"funding": {
				"url": "https://opencollective.com/libvips"
			},
			"optionalDependencies": {
				"@img/sharp-libvips-linux-ppc64": "1.2.4"
			}
		},
		"node_modules/@img/sharp-linux-riscv64": {
			"version": "0.34.5",
			"resolved": "https://registry.npmjs.org/@img/sharp-linux-riscv64/-/sharp-linux-riscv64-0.34.5.tgz",
			"integrity": "sha512-51gJuLPTKa7piYPaVs8GmByo7/U7/7TZOq+cnXJIHZKavIRHAP77e3N2HEl3dgiqdD/w0yUfiJnII77PuDDFdw==",
			"cpu": [
				"riscv64"
			],
			"license": "Apache-2.0",
			"optional": true,
			"os": [
				"linux"
			],
			"engines": {
				"node": "^18.17.0 || ^20.3.0 || >=21.0.0"
			},
			"funding": {
				"url": "https://opencollective.com/libvips"
			},
			"optionalDependencies": {
				"@img/sharp-libvips-linux-riscv64": "1.2.4"
			}
		},
		"node_modules/@img/sharp-linux-s390x": {
			"version": "0.34.5",
			"resolved": "https://registry.npmjs.org/@img/sharp-linux-s390x/-/sharp-linux-s390x-0.34.5.tgz",
			"integrity": "sha512-nQtCk0PdKfho3eC5MrbQoigJ2gd1CgddUMkabUj+rBevs8tZ2cULOx46E7oyX+04WGfABgIwmMC0VqieTiR4jg==",
			"cpu": [
				"s390x"
			],
			"license": "Apache-2.0",
			"optional": true,
			"os": [
				"linux"
			],
			"engines": {
				"node": "^18.17.0 || ^20.3.0 || >=21.0.0"
			},
			"funding": {
				"url": "https://opencollective.com/libvips"
			},
			"optionalDependencies": {
				"@img/sharp-libvips-linux-s390x": "1.2.4"
			}
		},
		"node_modules/@img/sharp-linux-x64": {
			"version": "0.34.5",
			"resolved": "https://registry.npmjs.org/@img/sharp-linux-x64/-/sharp-linux-x64-0.34.5.tgz",
			"integrity": "sha512-MEzd8HPKxVxVenwAa+JRPwEC7QFjoPWuS5NZnBt6B3pu7EG2Ge0id1oLHZpPJdn3OQK+BQDiw9zStiHBTJQQQQ==",
			"cpu": [
				"x64"
			],
			"license": "Apache-2.0",
			"optional": true,
			"os": [
				"linux"
			],
			"engines": {
				"node": "^18.17.0 || ^20.3.0 || >=21.0.0"
			},
			"funding": {
				"url": "https://opencollective.com/libvips"
			},
			"optionalDependencies": {
				"@img/sharp-libvips-linux-x64": "1.2.4"
			}
		},
		"node_modules/@img/sharp-linuxmusl-arm64": {
			"version": "0.34.5",
			"resolved": "https://registry.npmjs.org/@img/sharp-linuxmusl-arm64/-/sharp-linuxmusl-arm64-0.34.5.tgz",
			"integrity": "sha512-fprJR6GtRsMt6Kyfq44IsChVZeGN97gTD331weR1ex1c1rypDEABN6Tm2xa1wE6lYb5DdEnk03NZPqA7Id21yg==",
			"cpu": [
				"arm64"
			],
			"license": "Apache-2.0",
			"optional": true,
			"os": [
				"linux"
			],
			"engines": {
				"node": "^18.17.0 || ^20.3.0 || >=21.0.0"
			},
			"funding": {
				"url": "https://opencollective.com/libvips"
			},
			"optionalDependencies": {
				"@img/sharp-libvips-linuxmusl-arm64": "1.2.4"
			}
		},
		"node_modules/@img/sharp-linuxmusl-x64": {
			"version": "0.34.5",
			"resolved": "https://registry.npmjs.org/@img/sharp-linuxmusl-x64/-/sharp-linuxmusl-x64-0.34.5.tgz",
			"integrity": "sha512-Jg8wNT1MUzIvhBFxViqrEhWDGzqymo3sV7z7ZsaWbZNDLXRJZoRGrjulp60YYtV4wfY8VIKcWidjojlLcWrd8Q==",
			"cpu": [
				"x64"
			],
			"license": "Apache-2.0",
			"optional": true,
			"os": [
				"linux"
			],
			"engines": {
				"node": "^18.17.0 || ^20.3.0 || >=21.0.0"
			},
			"funding": {
				"url": "https://opencollective.com/libvips"
			},
			"optionalDependencies": {
				"@img/sharp-libvips-linuxmusl-x64": "1.2.4"
			}
		},
		"node_modules/@img/sharp-wasm32": {
			"version": "0.34.5",
			"resolved": "https://registry.npmjs.org/@img/sharp-wasm32/-/sharp-wasm32-0.34.5.tgz",
			"integrity": "sha512-OdWTEiVkY2PHwqkbBI8frFxQQFekHaSSkUIJkwzclWZe64O1X4UlUjqqqLaPbUpMOQk6FBu/HtlGXNblIs0huw==",
			"cpu": [
				"wasm32"
			],
			"license": "Apache-2.0 AND LGPL-3.0-or-later AND MIT",
			"optional": true,
			"dependencies": {
				"@emnapi/runtime": "^1.7.0"
			},
			"engines": {
				"node": "^18.17.0 || ^20.3.0 || >=21.0.0"
			},
			"funding": {
				"url": "https://opencollective.com/libvips"
			}
		},
		"node_modules/@img/sharp-win32-arm64": {
			"version": "0.34.5",
			"resolved": "https://registry.npmjs.org/@img/sharp-win32-arm64/-/sharp-win32-arm64-0.34.5.tgz",
			"integrity": "sha512-WQ3AgWCWYSb2yt+IG8mnC6Jdk9Whs7O0gxphblsLvdhSpSTtmu69ZG1Gkb6NuvxsNACwiPV6cNSZNzt0KPsw7g==",
			"cpu": [
				"arm64"
			],
			"license": "Apache-2.0 AND LGPL-3.0-or-later",
			"optional": true,
			"os": [
				"win32"
			],
			"engines": {
				"node": "^18.17.0 || ^20.3.0 || >=21.0.0"
			},
			"funding": {
				"url": "https://opencollective.com/libvips"
			}
		},
		"node_modules/@img/sharp-win32-ia32": {
			"version": "0.34.5",
			"resolved": "https://registry.npmjs.org/@img/sharp-win32-ia32/-/sharp-win32-ia32-0.34.5.tgz",
			"integrity": "sha512-FV9m/7NmeCmSHDD5j4+4pNI8Cp3aW+JvLoXcTUo0IqyjSfAZJ8dIUmijx1qaJsIiU+Hosw6xM5KijAWRJCSgNg==",
			"cpu": [
				"ia32"
			],
			"license": "Apache-2.0 AND LGPL-3.0-or-later",
			"optional": true,
			"os": [
				"win32"
			],
			"engines": {
				"node": "^18.17.0 || ^20.3.0 || >=21.0.0"
			},
			"funding": {
				"url": "https://opencollective.com/libvips"
			}
		},
		"node_modules/@img/sharp-win32-x64": {
			"version": "0.34.5",
			"resolved": "https://registry.npmjs.org/@img/sharp-win32-x64/-/sharp-win32-x64-0.34.5.tgz",
			"integrity": "sha512-+29YMsqY2/9eFEiW93eqWnuLcWcufowXewwSNIT6UwZdUUCrM3oFjMWH/Z6/TMmb4hlFenmfAVbpWeup2jryCw==",
			"cpu": [
				"x64"
			],
			"license": "Apache-2.0 AND LGPL-3.0-or-later",
			"optional": true,
			"os": [
				"win32"
			],
			"engines": {
				"node": "^18.17.0 || ^20.3.0 || >=21.0.0"
			},
			"funding": {
				"url": "https://opencollective.com/libvips"
			}
		},
		"node_modules/@types/node": {
			"version": "25.3.0",
			"resolved": "https://registry.npmjs.org/@types/node/-/node-25.3.0.tgz",
			"integrity": "sha512-4K3bqJpXpqfg2XKGK9bpDTc6xO/xoUP/RBWS7AtRMug6zZFaRekiLzjVtAoZMquxoAbzBvy5nxQ7veS5eYzf8A==",
			"license": "MIT",
			"dependencies": {
				"undici-types": "~7.18.0"
			}
		},
		"node_modules/@types/vscode": {
			"version": "1.109.0",
			"resolved": "https://registry.npmjs.org/@types/vscode/-/vscode-1.109.0.tgz",
			"integrity": "sha512-0Pf95rnwEIwDbmXGC08r0B4TQhAbsHQ5UyTIgVgoieDe4cOnf92usuR5dEczb6bTKEp7ziZH4TV1TRGPPCExtw==",
			"dev": true,
			"license": "MIT"
		},
		"node_modules/ascii85": {
			"version": "1.0.2",
			"resolved": "https://registry.npmjs.org/ascii85/-/ascii85-1.0.2.tgz",
			"integrity": "sha512-kliwItQL8aueLy2XwGDRc6U4FLrZuSKvc3NYhaTnUEsl8JjjkvMNYJ2WmBoZnUYMEz6nvZ9yGhruoufaVcNAnw==",
			"license": "MIT",
			"engines": {
				"node": ">=0.12"
			}
		},
		"node_modules/bindings": {
			"version": "1.5.0",
			"resolved": "https://registry.npmjs.org/bindings/-/bindings-1.5.0.tgz",
			"integrity": "sha512-p2q/t/mhvuOj/UeLlV6566GD/guowlr0hHxClI0W9m7MWYkL1F0hLo+0Aexs9HSPCtR1SXQ0TD3MMKrXZajbiQ==",
			"license": "MIT",
			"dependencies": {
				"file-uri-to-path": "1.0.0"
			}
		},
		"node_modules/deasync": {
			"version": "0.1.31",
			"resolved": "https://registry.npmjs.org/deasync/-/deasync-0.1.31.tgz",
			"integrity": "sha512-/6/cXqkw4LPqBVK6H0Y3L4zT7yI3pxykxPXErQ2tDCw0LJyThWL5VpBCpUOWX0vPq2OnF1pzcXvlNnvCiOQJuA==",
			"hasInstallScript": true,
			"license": "MIT",
			"dependencies": {
				"bindings": "^1.5.0",
				"node-addon-api": "^1.7.1"
			},
			"engines": {
				"node": ">=0.11.0"
			}
		},
		"node_modules/detect-libc": {
			"version": "2.1.2",
			"resolved": "https://registry.npmjs.org/detect-libc/-/detect-libc-2.1.2.tgz",
			"integrity": "sha512-Btj2BOOO83o3WyH59e8MgXsxEQVcarkUOpEYrubB0urwnN10yQ364rsiByU11nZlqWYZm05i/of7io4mzihBtQ==",
			"license": "Apache-2.0",
			"engines": {
				"node": ">=8"
			}
		},
		"node_modules/file-uri-to-path": {
			"version": "1.0.0",
			"resolved": "https://registry.npmjs.org/file-uri-to-path/-/file-uri-to-path-1.0.0.tgz",
			"integrity": "sha512-0Zt+s3L7Vf1biwWZ29aARiVYLx7iMGnEUl9x33fbB/j3jR81u/O2LbqK+Bm1CDSNDKVtJ/YjwY7TUd5SkeLQLw==",
			"license": "MIT"
		},
		"node_modules/glob": {
			"version": "13.0.6",
			"resolved": "https://registry.npmjs.org/glob/-/glob-13.0.6.tgz",
			"integrity": "sha512-Wjlyrolmm8uDpm/ogGyXZXb1Z+Ca2B8NbJwqBVg0axK9GbBeoS7yGV6vjXnYdGm6X53iehEuxxbyiKp8QmN4Vw==",
			"license": "BlueOak-1.0.0",
			"dependencies": {
				"minimatch": "^10.2.2",
				"minipass": "^7.1.3",
				"path-scurry": "^2.0.2"
			},
			"engines": {
				"node": "18 || 20 || >=22"
			},
			"funding": {
				"url": "https://github.com/sponsors/isaacs"
			}
		},
		"node_modules/lru-cache": {
			"version": "11.2.6",
			"resolved": "https://registry.npmjs.org/lru-cache/-/lru-cache-11.2.6.tgz",
			"integrity": "sha512-ESL2CrkS/2wTPfuend7Zhkzo2u0daGJ/A2VucJOgQ/C48S/zB8MMeMHSGKYpXhIjbPxfuezITkaBH1wqv00DDQ==",
			"license": "BlueOak-1.0.0",
			"engines": {
				"node": "20 || >=22"
			}
		},
		"node_modules/minimatch": {
			"version": "10.2.2",
			"resolved": "https://registry.npmjs.org/minimatch/-/minimatch-10.2.2.tgz",
			"integrity": "sha512-+G4CpNBxa5MprY+04MbgOw1v7So6n5JY166pFi9KfYwT78fxScCeSNQSNzp6dpPSW2rONOps6Ocam1wFhCgoVw==",
			"license": "BlueOak-1.0.0",
			"dependencies": {
				"brace-expansion": "^5.0.2"
			},
			"engines": {
				"node": "18 || 20 || >=22"
			},
			"funding": {
				"url": "https://github.com/sponsors/isaacs"
			}
		},
		"node_modules/minimatch/node_modules/balanced-match": {
			"version": "4.0.4",
			"resolved": "https://registry.npmjs.org/balanced-match/-/balanced-match-4.0.4.tgz",
			"integrity": "sha512-BLrgEcRTwX2o6gGxGOCNyMvGSp35YofuYzw9h1IMTRmKqttAZZVU67bdb9Pr2vUHA8+j3i2tJfjO6C6+4myGTA==",
			"license": "MIT",
			"engines": {
				"node": "18 || 20 || >=22"
			}
		},
		"node_modules/minimatch/node_modules/brace-expansion": {
			"version": "5.0.3",
			"resolved": "https://registry.npmjs.org/brace-expansion/-/brace-expansion-5.0.3.tgz",
			"integrity": "sha512-fy6KJm2RawA5RcHkLa1z/ScpBeA762UF9KmZQxwIbDtRJrgLzM10depAiEQ+CXYcoiqW1/m96OAAoke2nE9EeA==",
			"license": "MIT",
			"dependencies": {
				"balanced-match": "^4.0.2"
			},
			"engines": {
				"node": "18 || 20 || >=22"
			}
		},
		"node_modules/minipass": {
			"version": "7.1.3",
			"resolved": "https://registry.npmjs.org/minipass/-/minipass-7.1.3.tgz",
			"integrity": "sha512-tEBHqDnIoM/1rXME1zgka9g6Q2lcoCkxHLuc7ODJ5BxbP5d4c2Z5cGgtXAku59200Cx7diuHTOYfSBD8n6mm8A==",
			"license": "BlueOak-1.0.0",
			"engines": {
				"node": ">=16 || 14 >=14.17"
			}
		},
		"node_modules/node-addon-api": {
			"version": "1.7.2",
			"resolved": "https://registry.npmjs.org/node-addon-api/-/node-addon-api-1.7.2.tgz",
			"integrity": "sha512-ibPK3iA+vaY1eEjESkQkM0BbCqFOaZMiXRTtdB0u7b4djtY6JnsjvPdUHVMg6xQt3B8fpTTWHI9A+ADjM9frzg==",
			"license": "MIT"
		},
		"node_modules/path-scurry": {
			"version": "2.0.2",
			"resolved": "https://registry.npmjs.org/path-scurry/-/path-scurry-2.0.2.tgz",
			"integrity": "sha512-3O/iVVsJAPsOnpwWIeD+d6z/7PmqApyQePUtCndjatj/9I5LylHvt5qluFaBT3I5h3r1ejfR056c+FCv+NnNXg==",
			"license": "BlueOak-1.0.0",
			"dependencies": {
				"lru-cache": "^11.0.0",
				"minipass": "^7.1.2"
			},
			"engines": {
				"node": "18 || 20 || >=22"
			},
			"funding": {
				"url": "https://github.com/sponsors/isaacs"
			}
		},
		"node_modules/semver": {
			"version": "7.7.3",
			"resolved": "https://registry.npmjs.org/semver/-/semver-7.7.3.tgz",
			"integrity": "sha512-SdsKMrI9TdgjdweUSR9MweHA4EJ8YxHn8DFaDisvhVlUOe4BF1tLD7GAj0lIqWVl+dPb/rExr0Btby5loQm20Q==",
			"license": "ISC",
			"bin": {
				"semver": "bin/semver.js"
			},
			"engines": {
				"node": ">=10"
			}
		},
		"node_modules/sharp": {
			"version": "0.34.5",
			"resolved": "https://registry.npmjs.org/sharp/-/sharp-0.34.5.tgz",
			"integrity": "sha512-Ou9I5Ft9WNcCbXrU9cMgPBcCK8LiwLqcbywW3t4oDV37n1pzpuNLsYiAV8eODnjbtQlSDwZ2cUEeQz4E54Hltg==",
			"hasInstallScript": true,
			"license": "Apache-2.0",
			"dependencies": {
				"@img/colour": "^1.0.0",
				"detect-libc": "^2.1.2",
				"semver": "^7.7.3"
			},
			"engines": {
				"node": "^18.17.0 || ^20.3.0 || >=21.0.0"
			},
			"funding": {
				"url": "https://opencollective.com/libvips"
			},
			"optionalDependencies": {
				"@img/sharp-darwin-arm64": "0.34.5",
				"@img/sharp-darwin-x64": "0.34.5",
				"@img/sharp-libvips-darwin-arm64": "1.2.4",
				"@img/sharp-libvips-darwin-x64": "1.2.4",
				"@img/sharp-libvips-linux-arm": "1.2.4",
				"@img/sharp-libvips-linux-arm64": "1.2.4",
				"@img/sharp-libvips-linux-ppc64": "1.2.4",
				"@img/sharp-libvips-linux-riscv64": "1.2.4",
				"@img/sharp-libvips-linux-s390x": "1.2.4",
				"@img/sharp-libvips-linux-x64": "1.2.4",
				"@img/sharp-libvips-linuxmusl-arm64": "1.2.4",
				"@img/sharp-libvips-linuxmusl-x64": "1.2.4",
				"@img/sharp-linux-arm": "0.34.5",
				"@img/sharp-linux-arm64": "0.34.5",
				"@img/sharp-linux-ppc64": "0.34.5",
				"@img/sharp-linux-riscv64": "0.34.5",
				"@img/sharp-linux-s390x": "0.34.5",
				"@img/sharp-linux-x64": "0.34.5",
				"@img/sharp-linuxmusl-arm64": "0.34.5",
				"@img/sharp-linuxmusl-x64": "0.34.5",
				"@img/sharp-wasm32": "0.34.5",
				"@img/sharp-win32-arm64": "0.34.5",
				"@img/sharp-win32-ia32": "0.34.5",
				"@img/sharp-win32-x64": "0.34.5"
			}
		},
		"node_modules/tslib": {
			"version": "2.8.1",
			"resolved": "https://registry.npmjs.org/tslib/-/tslib-2.8.1.tgz",
			"integrity": "sha512-oJFu94HQb+KVduSUQL7wnpmqnfmLsOA/nAh6b6EH0wCEoK0/mPeXU6c3wKDV83MkOuHPRHtSXKKU99IBazS/2w==",
			"license": "0BSD",
			"optional": true
		},
		"node_modules/undici-types": {
			"version": "7.18.2",
			"resolved": "https://registry.npmjs.org/undici-types/-/undici-types-7.18.2.tgz",
			"integrity": "sha512-AsuCzffGHJybSaRrmr5eHr81mwJU3kjw6M+uprWvCXiNeN9SOGwQ3Jn8jb8m3Z6izVgknn1R0FTCEAP2QrLY/w==",
			"license": "MIT"
		},
		"node_modules/vscode-jsonrpc": {
			"version": "9.0.0-next.11",
			"resolved": "https://registry.npmjs.org/vscode-jsonrpc/-/vscode-jsonrpc-9.0.0-next.11.tgz",
			"integrity": "sha512-u6LElQNbSiE9OugEEmrUKwH6+8BpPz2S5MDHvQUqHL//I4Q8GPikKLOUf856UnbLkZdhxaPrExac1lA3XwpIPA==",
			"license": "MIT",
			"engines": {
				"node": ">=14.0.0"
			}
		},
		"node_modules/vscode-languageclient": {
			"version": "10.0.0-next.20",
			"resolved": "https://registry.npmjs.org/vscode-languageclient/-/vscode-languageclient-10.0.0-next.20.tgz",
			"integrity": "sha512-/tTHk+U2q+4YQeF3PLr+IlsQA7P2WQy+ZrOpe88VOJDfPer9knm4cz6aMrozSxwkts3q7X41WEf3uASxnaC3gQ==",
			"license": "MIT",
			"dependencies": {
				"minimatch": "^10.1.2",
				"semver": "^7.7.1",
				"vscode-languageserver-protocol": "3.17.6-next.16"
			},
			"engines": {
				"vscode": "^1.91.0"
			}
		},
		"node_modules/vscode-languageserver-protocol": {
			"version": "3.17.6-next.16",
			"resolved": "https://registry.npmjs.org/vscode-languageserver-protocol/-/vscode-languageserver-protocol-3.17.6-next.16.tgz",
			"integrity": "sha512-kQTjXEuyxMbdmmZ3U+Lib3oUl12xEKNc73RtWxPSDS3TFtjVwt98Q1CUzfDA9EUpsA24M46Bl6q3sLe9AUOKyw==",
			"license": "MIT",
			"dependencies": {
				"vscode-jsonrpc": "9.0.0-next.11",
				"vscode-languageserver-types": "3.17.6-next.6"
			}
		},
		"node_modules/vscode-languageserver-types": {
			"version": "3.17.6-next.6",
			"resolved": "https://registry.npmjs.org/vscode-languageserver-types/-/vscode-languageserver-types-3.17.6-next.6.tgz",
			"integrity": "sha512-aiJY5/yW+xzw7KPNlwi3gQtddq/3EIn5z8X8nCgJfaiAij2R1APKePngv+MUdLdYJBVTLu+Qa0ODsT+pHgYguQ==",
			"license": "MIT"
		}
	}
}
